
Microsoft Visual Studio Solution File, Format Version 12.00
# Visual Studio Version 16
VisualStudioVersion = 16.0.31205.134
MinimumVisualStudioVersion = 10.0.40219.1
Project("{FAE04EC0-301F-11D3-BF4B-00C04F79EFBC}") = "BringBackPocoyo", "BringBackPocoyo\BringBackPocoyo.csproj", "{1F82965E-789A-45FD-8B30-84D04A6B9894}"
EndProject
Global
	GlobalSection(SolutionConfigurationPlatforms) = preSolution
		Debug|Any CPU = Debug|Any CPU
		Release|Any CPU = Release|Any CPU
	EndGlobalSection
	GlobalSection(ProjectConfigurationPlatforms) = postSolution
		{1F82965E-789A-45FD-8B30-84D04A6B9894}.Debug|Any CPU.ActiveCfg = Debug|Any CPU
		{1F82965E-789A-45FD-8B30-84D04A6B9894}.Debug|Any CPU.Build.0 = Debug|Any CPU
		{1F82965E-789A-45FD-8B30-84D04A6B9894}.Release|Any CPU.ActiveCfg = Release|Any CPU
		{1F82965E-789A-45FD-8B30-84D04A6B9894}.Release|Any CPU.Build.0 = Release|Any CPU
	EndGlobalSection
	GlobalSection(SolutionProperties) = preSolution
		HideSolutionNode = FALSE
	EndGlobalSection
	GlobalSection(ExtensibilityGlobals) = postSolution
		SolutionGuid = {38FD4B13-55DC-40E3-BDB0-A1BDD6C743F4}
	EndGlobalSection
EndGlobal
